
Microsoft Visual Studio Solution File, Format Version 12.00
# Visual Studio Version 17
VisualStudioVersion = 17.8.34330.188
MinimumVisualStudioVersion = 10.0.40219.1
Project("{FAE04EC0-301F-11D3-BF4B-00C04F79EFBC}") = "uploadAPI", "uploadAPI\uploadAPI.csproj", "{9BE512C4-367B-4363-88FE-80E4D932575D}"
EndProject
Global
	GlobalSection(SolutionConfigurationPlatforms) = preSolution
		Debug|Any CPU = Debug|Any CPU
		Release|Any CPU = Release|Any CPU
	EndGlobalSection
	GlobalSection(ProjectConfigurationPlatforms) = postSolution
		{9BE512C4-367B-4363-88FE-80E4D932575D}.Debug|Any CPU.ActiveCfg = Debug|Any CPU
		{9BE512C4-367B-4363-88FE-80E4D932575D}.Debug|Any CPU.Build.0 = Debug|Any CPU
		{9BE512C4-367B-4363-88FE-80E4D932575D}.Release|Any CPU.ActiveCfg = Release|Any CPU
		{9BE512C4-367B-4363-88FE-80E4D932575D}.Release|Any CPU.Build.0 = Release|Any CPU
	EndGlobalSection
	GlobalSection(SolutionProperties) = preSolution
		HideSolutionNode = FALSE
	EndGlobalSection
	GlobalSection(ExtensibilityGlobals) = postSolution
		SolutionGuid = {C099E5EE-0165-4C1C-B6BD-14021161AB67}
	EndGlobalSection
EndGlobal
